
Microsoft Visual Studio Solution File, Format Version 12.00
# Visual Studio 14
VisualStudioVersion = 14.0.25420.1
MinimumVisualStudioVersion = 10.0.40219.1
Project("{F184B08F-C81C-45F6-A57F-5ABD9991F28F}") = "ep1", "ep1\ep1.vbproj", "{E4CA4B7C-54F5-45A2-A0F0-4F7D8BD1BFD4}"
EndProject
Global
	GlobalSection(SolutionConfigurationPlatforms) = preSolution
		Debug|Any CPU = Debug|Any CPU
		Release|Any CPU = Release|Any CPU
	EndGlobalSection
	GlobalSection(ProjectConfigurationPlatforms) = postSolution
		{E4CA4B7C-54F5-45A2-A0F0-4F7D8BD1BFD4}.Debug|Any CPU.ActiveCfg = Debug|Any CPU
		{E4CA4B7C-54F5-45A2-A0F0-4F7D8BD1BFD4}.Debug|Any CPU.Build.0 = Debug|Any CPU
		{E4CA4B7C-54F5-45A2-A0F0-4F7D8BD1BFD4}.Release|Any CPU.ActiveCfg = Release|Any CPU
		{E4CA4B7C-54F5-45A2-A0F0-4F7D8BD1BFD4}.Release|Any CPU.Build.0 = Release|Any CPU
	EndGlobalSection
	GlobalSection(SolutionProperties) = preSolution
		HideSolutionNode = FALSE
	EndGlobalSection
EndGlobal
